schema: '2.0'
stages:
  data_ingestion:
    cmd: python src/data/data_ingestion.py
    deps:
    - path: src/data/data_ingestion.py
      hash: md5
      md5: 7f83891c61deaee8fe4e7307990b7b2e
      size: 4298
    outs:
    - path: data/raw
      hash: md5
      md5: be2f159e8d5c3520c4ac83f42d159c33.dir
      size: 887817
      nfiles: 1
  data_preprocessing:
    cmd: python src/data/data_preprocessing.py
    deps:
    - path: data/raw
      hash: md5
      md5: be2f159e8d5c3520c4ac83f42d159c33.dir
      size: 887817
      nfiles: 1
    - path: src/data/data_preprocessing.py
      hash: md5
      md5: e51f03f5ebd81a5f23a2b357652b05fb
      size: 1833
    outs:
    - path: data/interim
      hash: md5
      md5: 2f4699283f46efbfe855f49c0c3f041d.dir
      size: 744912
      nfiles: 1
  model_building:
    cmd: python src/model/model_building.py
    deps:
    - path: data/interim
      hash: md5
      md5: 2f4699283f46efbfe855f49c0c3f041d.dir
      size: 744912
      nfiles: 1
    - path: src/model/model_building.py
      hash: md5
      md5: 91192e9d5d561a9f1dc08ce2d930a3e0
      size: 2925
    outs:
    - path: models/model.pkl
      hash: md5
      md5: 052add490ff4809bae56ebb4b65a8c2b
      size: 9220959
  model_evaluation:
    cmd: python src/model/model_evaluation.py
    deps:
    - path: models/model.pkl
      hash: md5
      md5: 052add490ff4809bae56ebb4b65a8c2b
      size: 9220959
    - path: src/model/model_evaluation.py
      hash: md5
      md5: 1dc94090bb960d64be8ab8073be4161f
      size: 4246
    outs:
    - path: reports/experiment_info.json
      hash: md5
      md5: 59e95bdab4d3781ff07ec6a1fcb04064
      size: 82
    - path: reports/metrics.json
      hash: md5
      md5: c927e149704e2c84a20cb541723795b1
      size: 142
  model_registration:
    cmd: python src/model/register_model.py
    deps:
    - path: reports/experiment_info.json
      hash: md5
      md5: 59e95bdab4d3781ff07ec6a1fcb04064
      size: 82
    - path: src/model/register_model.py
      hash: md5
      md5: 27cd5476a158a32ef4515ef3760e20d5
      size: 2995
